
Microsoft Visual Studio Solution File, Format Version 12.00
# Visual Studio Version 17
VisualStudioVersion = 17.5.002.0
MinimumVisualStudioVersion = 10.0.40219.1
Project("{9A19103F-16F7-4668-BE54-9A1E7A4F7556}") = "CRMSardis", "CRMSardis.csproj", "{AE4B5E48-54DD-4FFA-8883-9A0EC76927A6}"
EndProject
Global
	GlobalSection(SolutionConfigurationPlatforms) = preSolution
		Debug|Any CPU = Debug|Any CPU
		Release|Any CPU = Release|Any CPU
	EndGlobalSection
	GlobalSection(ProjectConfigurationPlatforms) = postSolution
		{AE4B5E48-54DD-4FFA-8883-9A0EC76927A6}.Debug|Any CPU.ActiveCfg = Debug|Any CPU
		{AE4B5E48-54DD-4FFA-8883-9A0EC76927A6}.Debug|Any CPU.Build.0 = Debug|Any CPU
		{AE4B5E48-54DD-4FFA-8883-9A0EC76927A6}.Release|Any CPU.ActiveCfg = Release|Any CPU
		{AE4B5E48-54DD-4FFA-8883-9A0EC76927A6}.Release|Any CPU.Build.0 = Release|Any CPU
	EndGlobalSection
	GlobalSection(SolutionProperties) = preSolution
		HideSolutionNode = FALSE
	EndGlobalSection
	GlobalSection(ExtensibilityGlobals) = postSolution
		SolutionGuid = {0067AFCF-674D-4DEC-87B8-1B5A781425B6}
	EndGlobalSection
EndGlobal
